
Microsoft Visual Studio Solution File, Format Version 12.00
# Visual Studio Version 17
VisualStudioVersion = 17.8.34322.80
MinimumVisualStudioVersion = 10.0.40219.1
Project("{9A19103F-16F7-4668-BE54-9A1E7A4F7556}") = "Web Project", "Clinic Web Project\Web Project.csproj", "{88BA179F-06E7-493B-8710-E5FE67FBA018}"
EndProject
Project("{9A19103F-16F7-4668-BE54-9A1E7A4F7556}") = "Data", "Data\Data.csproj", "{5CC08DC6-0190-4CC7-BA3C-D3771AC754D7}"
EndProject
Project("{9A19103F-16F7-4668-BE54-9A1E7A4F7556}") = "Business", "Service\Business.csproj", "{903E21C8-EF42-4C6D-A288-5BCD7E9402BA}"
EndProject
Project("{9A19103F-16F7-4668-BE54-9A1E7A4F7556}") = "Entity", "Entity\Entity.csproj", "{5DF7AA01-CFF3-4635-9790-AE652B363039}"
EndProject
Project("{9A19103F-16F7-4668-BE54-9A1E7A4F7556}") = "Core", "Core\Core.csproj", "{96062AFC-710D-4FC6-8A4C-DF8CB90FE119}"
EndProject
Project("{FAE04EC0-301F-11D3-BF4B-00C04F79EFBC}") = "Repository", "Repository\Repository.csproj", "{11DBC503-73FA-4476-958A-A7D1E2EBFBB8}"
EndProject
Project("{2150E333-8FDC-42A3-9474-1A3956D46DE8}") = "1_Core", "1_Core", "{A2ACCA92-3B2A-444D-8EC1-C8F729C69FCE}"
EndProject
Project("{2150E333-8FDC-42A3-9474-1A3956D46DE8}") = "2_Entity", "2_Entity", "{0A332C3A-1767-463B-BA07-0C8DADDFEC9E}"
EndProject
Project("{2150E333-8FDC-42A3-9474-1A3956D46DE8}") = "3_Data", "3_Data", "{5DD3B6A1-9CE1-4F35-8864-E33AC5454CEA}"
EndProject
Project("{2150E333-8FDC-42A3-9474-1A3956D46DE8}") = "4_Repository", "4_Repository", "{8D3F8D56-F88F-410B-8E30-0FD6413A23A2}"
EndProject
Project("{2150E333-8FDC-42A3-9474-1A3956D46DE8}") = "5_Business", "5_Business", "{31781A47-2035-49DA-B48C-5F63D90D8D92}"
EndProject
Project("{2150E333-8FDC-42A3-9474-1A3956D46DE8}") = "6_App", "6_App", "{85BC818C-E2DE-4331-91A1-5579BA2A059C}"
EndProject
Global
	GlobalSection(SolutionConfigurationPlatforms) = preSolution
		Debug|Any CPU = Debug|Any CPU
		Release|Any CPU = Release|Any CPU
	EndGlobalSection
	GlobalSection(ProjectConfigurationPlatforms) = postSolution
		{88BA179F-06E7-493B-8710-E5FE67FBA018}.Debug|Any CPU.ActiveCfg = Debug|Any CPU
		{88BA179F-06E7-493B-8710-E5FE67FBA018}.Debug|Any CPU.Build.0 = Debug|Any CPU
		{88BA179F-06E7-493B-8710-E5FE67FBA018}.Release|Any CPU.ActiveCfg = Release|Any CPU
		{88BA179F-06E7-493B-8710-E5FE67FBA018}.Release|Any CPU.Build.0 = Release|Any CPU
		{5CC08DC6-0190-4CC7-BA3C-D3771AC754D7}.Debug|Any CPU.ActiveCfg = Debug|Any CPU
		{5CC08DC6-0190-4CC7-BA3C-D3771AC754D7}.Debug|Any CPU.Build.0 = Debug|Any CPU
		{5CC08DC6-0190-4CC7-BA3C-D3771AC754D7}.Release|Any CPU.ActiveCfg = Release|Any CPU
		{5CC08DC6-0190-4CC7-BA3C-D3771AC754D7}.Release|Any CPU.Build.0 = Release|Any CPU
		{903E21C8-EF42-4C6D-A288-5BCD7E9402BA}.Debug|Any CPU.ActiveCfg = Debug|Any CPU
		{903E21C8-EF42-4C6D-A288-5BCD7E9402BA}.Debug|Any CPU.Build.0 = Debug|Any CPU
		{903E21C8-EF42-4C6D-A288-5BCD7E9402BA}.Release|Any CPU.ActiveCfg = Release|Any CPU
		{903E21C8-EF42-4C6D-A288-5BCD7E9402BA}.Release|Any CPU.Build.0 = Release|Any CPU
		{5DF7AA01-CFF3-4635-9790-AE652B363039}.Debug|Any CPU.ActiveCfg = Debug|Any CPU
		{5DF7AA01-CFF3-4635-9790-AE652B363039}.Debug|Any CPU.Build.0 = Debug|Any CPU
		{5DF7AA01-CFF3-4635-9790-AE652B363039}.Release|Any CPU.ActiveCfg = Release|Any CPU
		{5DF7AA01-CFF3-4635-9790-AE652B363039}.Release|Any CPU.Build.0 = Release|Any CPU
		{96062AFC-710D-4FC6-8A4C-DF8CB90FE119}.Debug|Any CPU.ActiveCfg = Debug|Any CPU
		{96062AFC-710D-4FC6-8A4C-DF8CB90FE119}.Debug|Any CPU.Build.0 = Debug|Any CPU
		{96062AFC-710D-4FC6-8A4C-DF8CB90FE119}.Release|Any CPU.ActiveCfg = Release|Any CPU
		{96062AFC-710D-4FC6-8A4C-DF8CB90FE119}.Release|Any CPU.Build.0 = Release|Any CPU
		{11DBC503-73FA-4476-958A-A7D1E2EBFBB8}.Debug|Any CPU.ActiveCfg = Debug|Any CPU
		{11DBC503-73FA-4476-958A-A7D1E2EBFBB8}.Debug|Any CPU.Build.0 = Debug|Any CPU
		{11DBC503-73FA-4476-958A-A7D1E2EBFBB8}.Release|Any CPU.ActiveCfg = Release|Any CPU
		{11DBC503-73FA-4476-958A-A7D1E2EBFBB8}.Release|Any CPU.Build.0 = Release|Any CPU
	EndGlobalSection
	GlobalSection(SolutionProperties) = preSolution
		HideSolutionNode = FALSE
	EndGlobalSection
	GlobalSection(NestedProjects) = preSolution
		{88BA179F-06E7-493B-8710-E5FE67FBA018} = {85BC818C-E2DE-4331-91A1-5579BA2A059C}
		{5CC08DC6-0190-4CC7-BA3C-D3771AC754D7} = {5DD3B6A1-9CE1-4F35-8864-E33AC5454CEA}
		{903E21C8-EF42-4C6D-A288-5BCD7E9402BA} = {31781A47-2035-49DA-B48C-5F63D90D8D92}
		{5DF7AA01-CFF3-4635-9790-AE652B363039} = {0A332C3A-1767-463B-BA07-0C8DADDFEC9E}
		{96062AFC-710D-4FC6-8A4C-DF8CB90FE119} = {A2ACCA92-3B2A-444D-8EC1-C8F729C69FCE}
		{11DBC503-73FA-4476-958A-A7D1E2EBFBB8} = {8D3F8D56-F88F-410B-8E30-0FD6413A23A2}
	EndGlobalSection
	GlobalSection(ExtensibilityGlobals) = postSolution
		SolutionGuid = {8B188AEF-7021-45C3-8779-0ADA7A4059B1}
	EndGlobalSection
EndGlobal
